
Microsoft Visual Studio Solution File, Format Version 12.00
# Visual Studio 2013
VisualStudioVersion = 12.0.30501.0
MinimumVisualStudioVersion = 10.0.40219.1
Project("{FAE04EC0-301F-11D3-BF4B-00C04F79EFBC}") = "EFfirst", "EFfirst\EFfirst.csproj", "{7D19F6B9-F0FF-4621-9653-5034D234D9F3}"
EndProject
Project("{FAE04EC0-301F-11D3-BF4B-00C04F79EFBC}") = "ModelFirstDemo", "ModelFirstDemo\ModelFirstDemo.csproj", "{EC343610-DF7A-4B7F-ACC4-D70D398F150B}"
EndProject
Project("{FAE04EC0-301F-11D3-BF4B-00C04F79EFBC}") = "EFReview", "EFReview\EFReview.csproj", "{896AA27A-B0C2-4380-B4AC-F9207E373B58}"
EndProject
Project("{FAE04EC0-301F-11D3-BF4B-00C04F79EFBC}") = "WFSetOpacity", "WFSetOpacity\WFSetOpacity.csproj", "{92BD6A6E-2CE0-4F38-B64F-D073BE92FBE5}"
EndProject
Project("{FAE04EC0-301F-11D3-BF4B-00C04F79EFBC}") = "EFCodeOnlyDemo", "EFCodeOnlyDemo\EFCodeOnlyDemo.csproj", "{C59F291E-54F9-4904-B81D-1E5744DF58BB}"
EndProject
Project("{FAE04EC0-301F-11D3-BF4B-00C04F79EFBC}") = "测试Demo", "测试Demo\测试Demo.csproj", "{7DF0CE11-7B4B-400E-B169-B03E0BCD454C}"
EndProject
Project("{FAE04EC0-301F-11D3-BF4B-00C04F79EFBC}") = "WebApplication2", "WebApplication2\WebApplication2.csproj", "{401C4702-303E-4E15-BCA7-278DB7790062}"
EndProject
Project("{FAE04EC0-301F-11D3-BF4B-00C04F79EFBC}") = "WebFormAsMvc", "WebFormAsMvc\WebFormAsMvc.csproj", "{0DFB6FF3-2200-467B-B9D6-B6DE2D7B95EC}"
EndProject
Global
	GlobalSection(SolutionConfigurationPlatforms) = preSolution
		Debug|Any CPU = Debug|Any CPU
		Release|Any CPU = Release|Any CPU
	EndGlobalSection
	GlobalSection(ProjectConfigurationPlatforms) = postSolution
		{7D19F6B9-F0FF-4621-9653-5034D234D9F3}.Debug|Any CPU.ActiveCfg = Debug|Any CPU
		{7D19F6B9-F0FF-4621-9653-5034D234D9F3}.Debug|Any CPU.Build.0 = Debug|Any CPU
		{7D19F6B9-F0FF-4621-9653-5034D234D9F3}.Release|Any CPU.ActiveCfg = Release|Any CPU
		{7D19F6B9-F0FF-4621-9653-5034D234D9F3}.Release|Any CPU.Build.0 = Release|Any CPU
		{EC343610-DF7A-4B7F-ACC4-D70D398F150B}.Debug|Any CPU.ActiveCfg = Debug|Any CPU
		{EC343610-DF7A-4B7F-ACC4-D70D398F150B}.Debug|Any CPU.Build.0 = Debug|Any CPU
		{EC343610-DF7A-4B7F-ACC4-D70D398F150B}.Release|Any CPU.ActiveCfg = Release|Any CPU
		{EC343610-DF7A-4B7F-ACC4-D70D398F150B}.Release|Any CPU.Build.0 = Release|Any CPU
		{896AA27A-B0C2-4380-B4AC-F9207E373B58}.Debug|Any CPU.ActiveCfg = Debug|Any CPU
		{896AA27A-B0C2-4380-B4AC-F9207E373B58}.Debug|Any CPU.Build.0 = Debug|Any CPU
		{896AA27A-B0C2-4380-B4AC-F9207E373B58}.Release|Any CPU.ActiveCfg = Release|Any CPU
		{896AA27A-B0C2-4380-B4AC-F9207E373B58}.Release|Any CPU.Build.0 = Release|Any CPU
		{92BD6A6E-2CE0-4F38-B64F-D073BE92FBE5}.Debug|Any CPU.ActiveCfg = Debug|Any CPU
		{92BD6A6E-2CE0-4F38-B64F-D073BE92FBE5}.Debug|Any CPU.Build.0 = Debug|Any CPU
		{92BD6A6E-2CE0-4F38-B64F-D073BE92FBE5}.Release|Any CPU.ActiveCfg = Release|Any CPU
		{92BD6A6E-2CE0-4F38-B64F-D073BE92FBE5}.Release|Any CPU.Build.0 = Release|Any CPU
		{C59F291E-54F9-4904-B81D-1E5744DF58BB}.Debug|Any CPU.ActiveCfg = Debug|Any CPU
		{C59F291E-54F9-4904-B81D-1E5744DF58BB}.Debug|Any CPU.Build.0 = Debug|Any CPU
		{C59F291E-54F9-4904-B81D-1E5744DF58BB}.Release|Any CPU.ActiveCfg = Release|Any CPU
		{C59F291E-54F9-4904-B81D-1E5744DF58BB}.Release|Any CPU.Build.0 = Release|Any CPU
		{7DF0CE11-7B4B-400E-B169-B03E0BCD454C}.Debug|Any CPU.ActiveCfg = Debug|Any CPU
		{7DF0CE11-7B4B-400E-B169-B03E0BCD454C}.Debug|Any CPU.Build.0 = Debug|Any CPU
		{7DF0CE11-7B4B-400E-B169-B03E0BCD454C}.Release|Any CPU.ActiveCfg = Release|Any CPU
		{7DF0CE11-7B4B-400E-B169-B03E0BCD454C}.Release|Any CPU.Build.0 = Release|Any CPU
		{401C4702-303E-4E15-BCA7-278DB7790062}.Debug|Any CPU.ActiveCfg = Debug|Any CPU
		{401C4702-303E-4E15-BCA7-278DB7790062}.Debug|Any CPU.Build.0 = Debug|Any CPU
		{401C4702-303E-4E15-BCA7-278DB7790062}.Release|Any CPU.ActiveCfg = Release|Any CPU
		{401C4702-303E-4E15-BCA7-278DB7790062}.Release|Any CPU.Build.0 = Release|Any CPU
		{0DFB6FF3-2200-467B-B9D6-B6DE2D7B95EC}.Debug|Any CPU.ActiveCfg = Debug|Any CPU
		{0DFB6FF3-2200-467B-B9D6-B6DE2D7B95EC}.Debug|Any CPU.Build.0 = Debug|Any CPU
		{0DFB6FF3-2200-467B-B9D6-B6DE2D7B95EC}.Release|Any CPU.ActiveCfg = Release|Any CPU
		{0DFB6FF3-2200-467B-B9D6-B6DE2D7B95EC}.Release|Any CPU.Build.0 = Release|Any CPU
	EndGlobalSection
	GlobalSection(SolutionProperties) = preSolution
		HideSolutionNode = FALSE
	EndGlobalSection
EndGlobal
